
Microsoft Visual Studio Solution File, Format Version 12.00
# Visual Studio Version 17
VisualStudioVersion = 17.7.34024.191
MinimumVisualStudioVersion = 10.0.40219.1
Project("{FAE04EC0-301F-11D3-BF4B-00C04F79EFBC}") = "GitHub Trial", "GitHub Trial.csproj", "{51C401F2-BD6C-4974-B86C-995EBDC0F492}"
EndProject
Global
	GlobalSection(SolutionConfigurationPlatforms) = preSolution
		Debug|Any CPU = Debug|Any CPU
		Release|Any CPU = Release|Any CPU
	EndGlobalSection
	GlobalSection(ProjectConfigurationPlatforms) = postSolution
		{51C401F2-BD6C-4974-B86C-995EBDC0F492}.Debug|Any CPU.ActiveCfg = Debug|Any CPU
		{51C401F2-BD6C-4974-B86C-995EBDC0F492}.Debug|Any CPU.Build.0 = Debug|Any CPU
		{51C401F2-BD6C-4974-B86C-995EBDC0F492}.Release|Any CPU.ActiveCfg = Release|Any CPU
		{51C401F2-BD6C-4974-B86C-995EBDC0F492}.Release|Any CPU.Build.0 = Release|Any CPU
	EndGlobalSection
	GlobalSection(SolutionProperties) = preSolution
		HideSolutionNode = FALSE
	EndGlobalSection
	GlobalSection(ExtensibilityGlobals) = postSolution
		SolutionGuid = {CBB480B8-2D1E-4461-BF98-BEC54F5D855B}
	EndGlobalSection
EndGlobal
